
Microsoft Visual Studio Solution File, Format Version 12.00
# Visual Studio Version 17
VisualStudioVersion = 17.13.35806.99
MinimumVisualStudioVersion = 10.0.40219.1
Project("{FAE04EC0-301F-11D3-BF4B-00C04F79EFBC}") = "Gasolin", "Gasolin\Gasolin.csproj", "{04654EA3-E341-499F-8FBD-506BF2314843}"
EndProject
Global
	GlobalSection(SolutionConfigurationPlatforms) = preSolution
		Debug|Any CPU = Debug|Any CPU
		Release|Any CPU = Release|Any CPU
	EndGlobalSection
	GlobalSection(ProjectConfigurationPlatforms) = postSolution
		{04654EA3-E341-499F-8FBD-506BF2314843}.Debug|Any CPU.ActiveCfg = Debug|Any CPU
		{04654EA3-E341-499F-8FBD-506BF2314843}.Debug|Any CPU.Build.0 = Debug|Any CPU
		{04654EA3-E341-499F-8FBD-506BF2314843}.Release|Any CPU.ActiveCfg = Release|Any CPU
		{04654EA3-E341-499F-8FBD-506BF2314843}.Release|Any CPU.Build.0 = Release|Any CPU
	EndGlobalSection
	GlobalSection(SolutionProperties) = preSolution
		HideSolutionNode = FALSE
	EndGlobalSection
	GlobalSection(ExtensibilityGlobals) = postSolution
		SolutionGuid = {A4B75687-2FAA-47D9-AE5E-707A0CA6800E}
	EndGlobalSection
EndGlobal
